{
  "name": "confetti",
  "version": "1.0.0",
  "lockfileVersion": 2,
  "requires": true,
  "packages": {
    "": {
      "name": "confetti",
      "version": "1.0.0",
      "license": "ISC",
      "dependencies": {
        "canvas-confetti": "^1.4.0"
      }
    },
    "node_modules/canvas-confetti": {
      "version": "1.4.0",
      "resolved": "https://registry.npmjs.org/canvas-confetti/-/canvas-confetti-1.4.0.tgz",
      "integrity": "sha512-S18o4Y9PqI/uabdlT/jI3MY7XBJjNxnfapFIkjkMwpz6qNxLFZOm2b22OMf4ZYDL9lpNWI+Ih4fEMVPwO1KHFQ==",
      "funding": {
        "type": "donate",
        "url": "https://www.paypal.me/kirilvatev"
      }
    }
  },
  "dependencies": {
    "canvas-confetti": {
      "version": "1.4.0",
      "resolved": "https://registry.npmjs.org/canvas-confetti/-/canvas-confetti-1.4.0.tgz",
      "integrity": "sha512-S18o4Y9PqI/uabdlT/jI3MY7XBJjNxnfapFIkjkMwpz6qNxLFZOm2b22OMf4ZYDL9lpNWI+Ih4fEMVPwO1KHFQ=="
    }
  }
}
